
Microsoft Visual Studio Solution File, Format Version 12.00
# Visual Studio 15
VisualStudioVersion = 15.0.26430.6
MinimumVisualStudioVersion = 10.0.40219.1
Project("{9A19103F-16F7-4668-BE54-9A1E7A4F7556}") = "TerminalVelocity.Sharp", "src\TerminalVelocity.Sharp\TerminalVelocity.Sharp.csproj", "{3153A68F-A0CB-44E5-A71F-B1A8B9F8CDAB}"
EndProject
Global
	GlobalSection(SolutionConfigurationPlatforms) = preSolution
		Debug|Any CPU = Debug|Any CPU
		Release|Any CPU = Release|Any CPU
	EndGlobalSection
	GlobalSection(ProjectConfigurationPlatforms) = postSolution
		{3153A68F-A0CB-44E5-A71F-B1A8B9F8CDAB}.Debug|Any CPU.ActiveCfg = Debug|Any CPU
		{3153A68F-A0CB-44E5-A71F-B1A8B9F8CDAB}.Debug|Any CPU.Build.0 = Debug|Any CPU
		{3153A68F-A0CB-44E5-A71F-B1A8B9F8CDAB}.Release|Any CPU.ActiveCfg = Release|Any CPU
		{3153A68F-A0CB-44E5-A71F-B1A8B9F8CDAB}.Release|Any CPU.Build.0 = Release|Any CPU
	EndGlobalSection
	GlobalSection(SolutionProperties) = preSolution
		HideSolutionNode = FALSE
	EndGlobalSection
EndGlobal
